
Microsoft Visual Studio Solution File, Format Version 10.00
# Visual Studio 2008
Project("{FAE04EC0-301F-11D3-BF4B-00C04F79EFBC}") = "ConsoleApplication3", "ConsoleApplication3\ConsoleApplication3.csproj", "{A35E83FF-CD3B-4C7B-8BE6-91271395774D}"
EndProject
Global
	GlobalSection(SolutionConfigurationPlatforms) = preSolution
		Debug|Any CPU = Debug|Any CPU
		Release|Any CPU = Release|Any CPU
	EndGlobalSection
	GlobalSection(ProjectConfigurationPlatforms) = postSolution
		{A35E83FF-CD3B-4C7B-8BE6-91271395774D}.Debug|Any CPU.ActiveCfg = Debug|Any CPU
		{A35E83FF-CD3B-4C7B-8BE6-91271395774D}.Debug|Any CPU.Build.0 = Debug|Any CPU
		{A35E83FF-CD3B-4C7B-8BE6-91271395774D}.Release|Any CPU.ActiveCfg = Release|Any CPU
		{A35E83FF-CD3B-4C7B-8BE6-91271395774D}.Release|Any CPU.Build.0 = Release|Any CPU
	EndGlobalSection
	GlobalSection(SolutionProperties) = preSolution
		HideSolutionNode = FALSE
	EndGlobalSection
EndGlobal
